github.com/ethereum/go-ethereum v1.14.11 h1:8nFDCUUE67rPc6AKxFj7JKaOa2W/W1Rse3oS6LvvxEY=
github.com/ethereum/go-ethereum v1.14.11/go.mod h1:+l/fr42Mma+xBnhefL/+z11/hcmJ2egl+ScIVPjhc7E=
github.com/holiman/uint256 v1.3.1 h1:JfTzmih28bittyHM8z360dCjIA9dbPIBlcTI6lmctQs=
github.com/holiman/uint256 v1.3.1/go.mod h1:EOMSn4q6Nyt9P6efbI3bueV4e1b3dGlUCXeiRV4ng7E=
